
Microsoft Visual Studio Solution File, Format Version 12.00
# Visual Studio Version 17
VisualStudioVersion = 17.13.35931.197
MinimumVisualStudioVersion = 10.0.40219.1
Project("{FAE04EC0-301F-11D3-BF4B-00C04F79EFBC}") = "measure_wpf_dotnet8", "measure_wpf_dotnet8\measure_wpf_dotnet8.csproj", "{9B45E6B7-218E-4906-B2F0-37F25D3ADB9C}"
EndProject
Project("{FAE04EC0-301F-11D3-BF4B-00C04F79EFBC}") = "measure_wpf_dotnetf", "measure_wpf_dotnetf\measure_wpf_dotnetf.csproj", "{2A54DC0F-50EF-4CF9-9ACC-950569579080}"
EndProject
Project("{8BC9CEB8-8B4A-11D0-8D11-00A0C91BC942}") = "measure_nativecpp", "measure_nativecpp\measure_nativecpp.vcxproj", "{CCE50C86-3012-404C-A10F-C87E51196294}"
EndProject
Project("{FAE04EC0-301F-11D3-BF4B-00C04F79EFBC}") = "mersure_winui3", "mersure_winui3\mersure_winui3.csproj", "{864A7314-4591-4699-A777-8113A949DD2F}"
EndProject
Global
	GlobalSection(SolutionConfigurationPlatforms) = preSolution
		Debug|Any CPU = Debug|Any CPU
		Debug|x64 = Debug|x64
		Debug|x86 = Debug|x86
		Release|Any CPU = Release|Any CPU
		Release|x64 = Release|x64
		Release|x86 = Release|x86
	EndGlobalSection
	GlobalSection(ProjectConfigurationPlatforms) = postSolution
		{9B45E6B7-218E-4906-B2F0-37F25D3ADB9C}.Debug|Any CPU.ActiveCfg = Debug|Any CPU
		{9B45E6B7-218E-4906-B2F0-37F25D3ADB9C}.Debug|Any CPU.Build.0 = Debug|Any CPU
		{9B45E6B7-218E-4906-B2F0-37F25D3ADB9C}.Debug|x64.ActiveCfg = Debug|Any CPU
		{9B45E6B7-218E-4906-B2F0-37F25D3ADB9C}.Debug|x64.Build.0 = Debug|Any CPU
		{9B45E6B7-218E-4906-B2F0-37F25D3ADB9C}.Debug|x86.ActiveCfg = Debug|Any CPU
		{9B45E6B7-218E-4906-B2F0-37F25D3ADB9C}.Debug|x86.Build.0 = Debug|Any CPU
		{9B45E6B7-218E-4906-B2F0-37F25D3ADB9C}.Release|Any CPU.ActiveCfg = Release|Any CPU
		{9B45E6B7-218E-4906-B2F0-37F25D3ADB9C}.Release|Any CPU.Build.0 = Release|Any CPU
		{9B45E6B7-218E-4906-B2F0-37F25D3ADB9C}.Release|x64.ActiveCfg = Release|Any CPU
		{9B45E6B7-218E-4906-B2F0-37F25D3ADB9C}.Release|x64.Build.0 = Release|Any CPU
		{9B45E6B7-218E-4906-B2F0-37F25D3ADB9C}.Release|x86.ActiveCfg = Release|Any CPU
		{9B45E6B7-218E-4906-B2F0-37F25D3ADB9C}.Release|x86.Build.0 = Release|Any CPU
		{2A54DC0F-50EF-4CF9-9ACC-950569579080}.Debug|Any CPU.ActiveCfg = Debug|Any CPU
		{2A54DC0F-50EF-4CF9-9ACC-950569579080}.Debug|Any CPU.Build.0 = Debug|Any CPU
		{2A54DC0F-50EF-4CF9-9ACC-950569579080}.Debug|x64.ActiveCfg = Debug|Any CPU
		{2A54DC0F-50EF-4CF9-9ACC-950569579080}.Debug|x64.Build.0 = Debug|Any CPU
		{2A54DC0F-50EF-4CF9-9ACC-950569579080}.Debug|x86.ActiveCfg = Debug|Any CPU
		{2A54DC0F-50EF-4CF9-9ACC-950569579080}.Debug|x86.Build.0 = Debug|Any CPU
		{2A54DC0F-50EF-4CF9-9ACC-950569579080}.Release|Any CPU.ActiveCfg = Release|Any CPU
		{2A54DC0F-50EF-4CF9-9ACC-950569579080}.Release|Any CPU.Build.0 = Release|Any CPU
		{2A54DC0F-50EF-4CF9-9ACC-950569579080}.Release|x64.ActiveCfg = Release|Any CPU
		{2A54DC0F-50EF-4CF9-9ACC-950569579080}.Release|x64.Build.0 = Release|Any CPU
		{2A54DC0F-50EF-4CF9-9ACC-950569579080}.Release|x86.ActiveCfg = Release|Any CPU
		{2A54DC0F-50EF-4CF9-9ACC-950569579080}.Release|x86.Build.0 = Release|Any CPU
		{CCE50C86-3012-404C-A10F-C87E51196294}.Debug|Any CPU.ActiveCfg = Debug|x64
		{CCE50C86-3012-404C-A10F-C87E51196294}.Debug|Any CPU.Build.0 = Debug|x64
		{CCE50C86-3012-404C-A10F-C87E51196294}.Debug|x64.ActiveCfg = Debug|x64
		{CCE50C86-3012-404C-A10F-C87E51196294}.Debug|x64.Build.0 = Debug|x64
		{CCE50C86-3012-404C-A10F-C87E51196294}.Debug|x86.ActiveCfg = Debug|Win32
		{CCE50C86-3012-404C-A10F-C87E51196294}.Debug|x86.Build.0 = Debug|Win32
		{CCE50C86-3012-404C-A10F-C87E51196294}.Release|Any CPU.ActiveCfg = Release|x64
		{CCE50C86-3012-404C-A10F-C87E51196294}.Release|Any CPU.Build.0 = Release|x64
		{CCE50C86-3012-404C-A10F-C87E51196294}.Release|x64.ActiveCfg = Release|x64
		{CCE50C86-3012-404C-A10F-C87E51196294}.Release|x64.Build.0 = Release|x64
		{CCE50C86-3012-404C-A10F-C87E51196294}.Release|x86.ActiveCfg = Release|Win32
		{CCE50C86-3012-404C-A10F-C87E51196294}.Release|x86.Build.0 = Release|Win32
		{864A7314-4591-4699-A777-8113A949DD2F}.Debug|Any CPU.ActiveCfg = Debug|x64
		{864A7314-4591-4699-A777-8113A949DD2F}.Debug|Any CPU.Build.0 = Debug|x64
		{864A7314-4591-4699-A777-8113A949DD2F}.Debug|Any CPU.Deploy.0 = Debug|x64
		{864A7314-4591-4699-A777-8113A949DD2F}.Debug|x64.ActiveCfg = Debug|x64
		{864A7314-4591-4699-A777-8113A949DD2F}.Debug|x64.Build.0 = Debug|x64
		{864A7314-4591-4699-A777-8113A949DD2F}.Debug|x64.Deploy.0 = Debug|x64
		{864A7314-4591-4699-A777-8113A949DD2F}.Debug|x86.ActiveCfg = Debug|x86
		{864A7314-4591-4699-A777-8113A949DD2F}.Debug|x86.Build.0 = Debug|x86
		{864A7314-4591-4699-A777-8113A949DD2F}.Debug|x86.Deploy.0 = Debug|x86
		{864A7314-4591-4699-A777-8113A949DD2F}.Release|Any CPU.ActiveCfg = Release|x64
		{864A7314-4591-4699-A777-8113A949DD2F}.Release|Any CPU.Build.0 = Release|x64
		{864A7314-4591-4699-A777-8113A949DD2F}.Release|Any CPU.Deploy.0 = Release|x64
		{864A7314-4591-4699-A777-8113A949DD2F}.Release|x64.ActiveCfg = Release|x64
		{864A7314-4591-4699-A777-8113A949DD2F}.Release|x64.Build.0 = Release|x64
		{864A7314-4591-4699-A777-8113A949DD2F}.Release|x64.Deploy.0 = Release|x64
		{864A7314-4591-4699-A777-8113A949DD2F}.Release|x86.ActiveCfg = Release|x86
		{864A7314-4591-4699-A777-8113A949DD2F}.Release|x86.Build.0 = Release|x86
		{864A7314-4591-4699-A777-8113A949DD2F}.Release|x86.Deploy.0 = Release|x86
	EndGlobalSection
	GlobalSection(SolutionProperties) = preSolution
		HideSolutionNode = FALSE
	EndGlobalSection
	GlobalSection(ExtensibilityGlobals) = postSolution
		SolutionGuid = {112A3830-499B-4F77-8090-1074FF8F5231}
	EndGlobalSection
EndGlobal
